
Microsoft Visual Studio Solution File, Format Version 12.00
# Visual Studio Version 17
VisualStudioVersion = 17.3.32901.215
MinimumVisualStudioVersion = 10.0.40219.1
Project("{FAE04EC0-301F-11D3-BF4B-00C04F79EFBC}") = "PRACTI9", "PRACTI9\PRACTI9.csproj", "{9FAA44AC-F52C-42CF-BFCC-1E65B9B45457}"
EndProject
Global
	GlobalSection(SolutionConfigurationPlatforms) = preSolution
		Debug|Any CPU = Debug|Any CPU
		Release|Any CPU = Release|Any CPU
	EndGlobalSection
	GlobalSection(ProjectConfigurationPlatforms) = postSolution
		{9FAA44AC-F52C-42CF-BFCC-1E65B9B45457}.Debug|Any CPU.ActiveCfg = Debug|Any CPU
		{9FAA44AC-F52C-42CF-BFCC-1E65B9B45457}.Debug|Any CPU.Build.0 = Debug|Any CPU
		{9FAA44AC-F52C-42CF-BFCC-1E65B9B45457}.Release|Any CPU.ActiveCfg = Release|Any CPU
		{9FAA44AC-F52C-42CF-BFCC-1E65B9B45457}.Release|Any CPU.Build.0 = Release|Any CPU
	EndGlobalSection
	GlobalSection(SolutionProperties) = preSolution
		HideSolutionNode = FALSE
	EndGlobalSection
	GlobalSection(ExtensibilityGlobals) = postSolution
		SolutionGuid = {A1A45E06-6876-4720-8480-43572438C386}
	EndGlobalSection
EndGlobal
